#
# This file is autogenerated by pip-compile with Python 3.12
# by the following command:
#
#    pip-compile --output-file=requirements.lock requirements.in
#
annotated-types==0.7.0
    # via pydantic
anyio==4.9.0
    # via
    #   -r requirements.in
    #   httpx
    #   openai
certifi==2025.4.26
    # via
    #   httpcore
    #   httpx
    #   requests
charset-normalizer==3.4.2
    # via requests
colorama==0.4.6
    # via tqdm
contourpy==1.3.2
    # via matplotlib
cycler==0.12.1
    # via matplotlib
distro==1.9.0
    # via openai
fonttools==4.58.2
    # via matplotlib
greenlet==3.2.3
    # via sqlalchemy
h11==0.16.0
    # via httpcore
httpcore==1.0.9
    # via httpx
httpx==0.28.1
    # via
    #   -r requirements.in
    #   langgraph-sdk
    #   langsmith
    #   openai
idna==3.10
    # via
    #   anyio
    #   httpx
    #   requests
jiter==0.10.0
    # via openai
joblib==1.5.1
    # via scikit-learn
jsonpatch==1.33
    # via langchain-core
jsonpointer==3.0.0
    # via jsonpatch
kiwisolver==1.4.8
    # via matplotlib
langchain==0.3.25
    # via -r requirements.in
langchain-core==0.3.64
    # via
    #   langchain
    #   langchain-text-splitters
    #   langgraph
    #   langgraph-checkpoint
    #   langgraph-prebuilt
langchain-text-splitters==0.3.8
    # via langchain
langgraph==0.4.8
    # via -r requirements.in
langgraph-checkpoint==2.0.26
    # via
    #   langgraph
    #   langgraph-prebuilt
langgraph-prebuilt==0.2.2
    # via langgraph
langgraph-sdk==0.1.70
    # via langgraph
langsmith==0.3.45
    # via
    #   langchain
    #   langchain-core
matplotlib==3.10.3
    # via -r requirements.in
narwhals==1.42.0
    # via plotly
neo4j==5.28.1
    # via -r requirements.in
numpy==2.3.0
    # via
    #   -r requirements.in
    #   contourpy
    #   matplotlib
    #   pandas
    #   scikit-learn
    #   scipy
openai==1.85.0
    # via -r requirements.in
orjson==3.10.18
    # via
    #   langgraph-sdk
    #   langsmith
ormsgpack==1.10.0
    # via langgraph-checkpoint
packaging==24.2
    # via
    #   langchain-core
    #   langsmith
    #   matplotlib
    #   plotly
pandas==2.3.0
    # via -r requirements.in
pillow==11.2.1
    # via matplotlib
plotly==6.1.2
    # via -r requirements.in
pydantic==2.11.5
    # via
    #   -r requirements.in
    #   langchain
    #   langchain-core
    #   langgraph
    #   langsmith
    #   openai
pydantic-core==2.33.2
    # via pydantic
pyparsing==3.2.3
    # via matplotlib
python-dateutil==2.9.0.post0
    # via
    #   matplotlib
    #   pandas
python-dotenv==1.1.0
    # via -r requirements.in
pytz==2025.2
    # via
    #   neo4j
    #   pandas
pyyaml==6.0.2
    # via
    #   langchain
    #   langchain-core
requests==2.32.4
    # via
    #   langchain
    #   langsmith
    #   requests-toolbelt
requests-toolbelt==1.0.0
    # via langsmith
scikit-learn==1.7.0
    # via -r requirements.in
scipy==1.15.3
    # via
    #   -r requirements.in
    #   scikit-learn
six==1.17.0
    # via python-dateutil
sniffio==1.3.1
    # via
    #   anyio
    #   openai
sqlalchemy==2.0.41
    # via langchain
tenacity==9.1.2
    # via langchain-core
threadpoolctl==3.6.0
    # via scikit-learn
tqdm==4.67.1
    # via openai
typing-extensions==4.14.0
    # via
    #   anyio
    #   langchain-core
    #   openai
    #   pydantic
    #   pydantic-core
    #   sqlalchemy
    #   typing-inspection
typing-inspection==0.4.1
    # via pydantic
tzdata==2025.2
    # via pandas
urllib3==2.4.0
    # via requests
xxhash==3.5.0
    # via langgraph
zstandard==0.23.0
    # via langsmith
